
Microsoft Visual Studio Solution File, Format Version 12.00
# Visual Studio Version 17
VisualStudioVersion = 17.0.31919.166
MinimumVisualStudioVersion = 10.0.40219.1
Project("{FAE04EC0-301F-11D3-BF4B-00C04F79EFBC}") = "CWP", "CWP\CWP.csproj", "{7F559744-BF37-4F01-BDBE-2668F2EBE116}"
EndProject
Global
	GlobalSection(SolutionConfigurationPlatforms) = preSolution
		Debug|Any CPU = Debug|Any CPU
		Release|Any CPU = Release|Any CPU
	EndGlobalSection
	GlobalSection(ProjectConfigurationPlatforms) = postSolution
		{7F559744-BF37-4F01-BDBE-2668F2EBE116}.Debug|Any CPU.ActiveCfg = Debug|Any CPU
		{7F559744-BF37-4F01-BDBE-2668F2EBE116}.Debug|Any CPU.Build.0 = Debug|Any CPU
		{7F559744-BF37-4F01-BDBE-2668F2EBE116}.Release|Any CPU.ActiveCfg = Release|Any CPU
		{7F559744-BF37-4F01-BDBE-2668F2EBE116}.Release|Any CPU.Build.0 = Release|Any CPU
	EndGlobalSection
	GlobalSection(SolutionProperties) = preSolution
		HideSolutionNode = FALSE
	EndGlobalSection
	GlobalSection(ExtensibilityGlobals) = postSolution
		SolutionGuid = {5175F77A-0C39-4D1E-960F-BD8A1EA601A1}
	EndGlobalSection
EndGlobal
